
Microsoft Visual Studio Solution File, Format Version 12.00
# Visual Studio Version 17
VisualStudioVersion = 17.5.002.0
MinimumVisualStudioVersion = 10.0.40219.1
Project("{9A19103F-16F7-4668-BE54-9A1E7A4F7556}") = "Professions", "Professions.csproj", "{89E74E6A-CB1D-46EF-AF75-D97BCCEC07DA}"
EndProject
Global
	GlobalSection(SolutionConfigurationPlatforms) = preSolution
		Debug|Any CPU = Debug|Any CPU
		Release|Any CPU = Release|Any CPU
	EndGlobalSection
	GlobalSection(ProjectConfigurationPlatforms) = postSolution
		{89E74E6A-CB1D-46EF-AF75-D97BCCEC07DA}.Debug|Any CPU.ActiveCfg = Debug|Any CPU
		{89E74E6A-CB1D-46EF-AF75-D97BCCEC07DA}.Debug|Any CPU.Build.0 = Debug|Any CPU
		{89E74E6A-CB1D-46EF-AF75-D97BCCEC07DA}.Release|Any CPU.ActiveCfg = Release|Any CPU
		{89E74E6A-CB1D-46EF-AF75-D97BCCEC07DA}.Release|Any CPU.Build.0 = Release|Any CPU
	EndGlobalSection
	GlobalSection(SolutionProperties) = preSolution
		HideSolutionNode = FALSE
	EndGlobalSection
	GlobalSection(ExtensibilityGlobals) = postSolution
		SolutionGuid = {5E3E470B-7399-473B-B983-DB43D2CE5594}
	EndGlobalSection
EndGlobal
